
Microsoft Visual Studio Solution File, Format Version 12.00
# Visual Studio Version 17
VisualStudioVersion = 17.12.35707.178
MinimumVisualStudioVersion = 10.0.40219.1
Project("{FAE04EC0-301F-11D3-BF4B-00C04F79EFBC}") = "RuleEvaluator", "RuleEvaluator\RuleEvaluator.csproj", "{C1228381-1F09-4C8B-A0C9-F30F11D64A59}"
EndProject
Project("{FAE04EC0-301F-11D3-BF4B-00C04F79EFBC}") = "RuleEvaluator.Test", "RuleEvaluator.Test\RuleEvaluator.Test.csproj", "{1B0F0B09-E330-4C8E-AC97-0B085378BF4C}"
EndProject
Project("{FAE04EC0-301F-11D3-BF4B-00C04F79EFBC}") = "RuleEvaluator.Repository.Database", "RuleEvaluator.Repository.Database\RuleEvaluator.Repository.Database.csproj", "{510F4425-288C-44A4-952C-F83DC5AEF623}"
EndProject
Project("{FAE04EC0-301F-11D3-BF4B-00C04F79EFBC}") = "RuleEvaluator.Repository.Database.Test", "RuleEvaluator.Repository.Database.Test\RuleEvaluator.Repository.Database.Test.csproj", "{8EDF4429-251A-416D-BB68-93F227191BCF}"
EndProject
Project("{FAE04EC0-301F-11D3-BF4B-00C04F79EFBC}") = "RuleEvaluator.Repository.Contract", "RuleEvaluator.Repository.Contract\RuleEvaluator.Repository.Contract.csproj", "{5B96A53E-556F-4F07-94D6-2DC8ED0F953D}"
EndProject
Global
	GlobalSection(SolutionConfigurationPlatforms) = preSolution
		Debug|Any CPU = Debug|Any CPU
		Release|Any CPU = Release|Any CPU
	EndGlobalSection
	GlobalSection(ProjectConfigurationPlatforms) = postSolution
		{C1228381-1F09-4C8B-A0C9-F30F11D64A59}.Debug|Any CPU.ActiveCfg = Debug|Any CPU
		{C1228381-1F09-4C8B-A0C9-F30F11D64A59}.Debug|Any CPU.Build.0 = Debug|Any CPU
		{C1228381-1F09-4C8B-A0C9-F30F11D64A59}.Release|Any CPU.ActiveCfg = Release|Any CPU
		{C1228381-1F09-4C8B-A0C9-F30F11D64A59}.Release|Any CPU.Build.0 = Release|Any CPU
		{1B0F0B09-E330-4C8E-AC97-0B085378BF4C}.Debug|Any CPU.ActiveCfg = Debug|Any CPU
		{1B0F0B09-E330-4C8E-AC97-0B085378BF4C}.Debug|Any CPU.Build.0 = Debug|Any CPU
		{1B0F0B09-E330-4C8E-AC97-0B085378BF4C}.Release|Any CPU.ActiveCfg = Release|Any CPU
		{1B0F0B09-E330-4C8E-AC97-0B085378BF4C}.Release|Any CPU.Build.0 = Release|Any CPU
		{510F4425-288C-44A4-952C-F83DC5AEF623}.Debug|Any CPU.ActiveCfg = Debug|Any CPU
		{510F4425-288C-44A4-952C-F83DC5AEF623}.Debug|Any CPU.Build.0 = Debug|Any CPU
		{510F4425-288C-44A4-952C-F83DC5AEF623}.Release|Any CPU.ActiveCfg = Release|Any CPU
		{510F4425-288C-44A4-952C-F83DC5AEF623}.Release|Any CPU.Build.0 = Release|Any CPU
		{8EDF4429-251A-416D-BB68-93F227191BCF}.Debug|Any CPU.ActiveCfg = Debug|Any CPU
		{8EDF4429-251A-416D-BB68-93F227191BCF}.Debug|Any CPU.Build.0 = Debug|Any CPU
		{8EDF4429-251A-416D-BB68-93F227191BCF}.Release|Any CPU.ActiveCfg = Release|Any CPU
		{8EDF4429-251A-416D-BB68-93F227191BCF}.Release|Any CPU.Build.0 = Release|Any CPU
		{5B96A53E-556F-4F07-94D6-2DC8ED0F953D}.Debug|Any CPU.ActiveCfg = Debug|Any CPU
		{5B96A53E-556F-4F07-94D6-2DC8ED0F953D}.Debug|Any CPU.Build.0 = Debug|Any CPU
		{5B96A53E-556F-4F07-94D6-2DC8ED0F953D}.Release|Any CPU.ActiveCfg = Release|Any CPU
		{5B96A53E-556F-4F07-94D6-2DC8ED0F953D}.Release|Any CPU.Build.0 = Release|Any CPU
	EndGlobalSection
	GlobalSection(SolutionProperties) = preSolution
		HideSolutionNode = FALSE
	EndGlobalSection
	GlobalSection(ExtensibilityGlobals) = postSolution
		SolutionGuid = {7C0E7359-7856-461C-A927-A6E6FCDB6B0E}
	EndGlobalSection
EndGlobal
